
Microsoft Visual Studio Solution File, Format Version 11.00
# Visual C++ Express 2010
Project("{8BC9CEB8-8B4A-11D0-8D11-00A0C91BC942}") = "usbv2", "usbv2.vcxproj", "{BC54378F-0864-1A75-AC18-FCC120315CBB}"
EndProject
Global
	GlobalSection(SolutionConfigurationPlatforms) = preSolution
		Debug|Win32 = Debug|Win32
		Release|Win32 = Release|Win32
	EndGlobalSection
	GlobalSection(ProjectConfigurationPlatforms) = postSolution
		{BC54378F-0864-1A75-AC18-FCC120315CBB}.Debug|Win32.ActiveCfg = Debug|Win32
		{BC54378F-0864-1A75-AC18-FCC120315CBB}.Debug|Win32.Build.0 = Debug|Win32
		{BC54378F-0864-1A75-AC18-FCC120315CBB}.Release|Win32.ActiveCfg = Release|Win32
		{BC54378F-0864-1A75-AC18-FCC120315CBB}.Release|Win32.Build.0 = Release|Win32
	EndGlobalSection
	GlobalSection(SolutionProperties) = preSolution
		HideSolutionNode = FALSE
	EndGlobalSection
EndGlobal
